dependencies:
  espressif/esp_websocket_client:
    component_hash: dc00233af846f3a744ada283a300e0d586040aadc3ee67361645ecdce4523672
    source:
      service_url: https://api.components.espressif.com/
      type: service
    version: 1.8.0
  espressif/mdns:
    component_hash: 3ba256ac95e07c274be53cbd73f06cb846c403b61e8fbdf1be57bdb79db7a63e
    source:
      service_url: https://api.components.espressif.com/
      type: service
    version: 1.12.0
  idf:
    component_hash: null
    source:
      type: idf
    version: 5.2.0
manifest_hash: c8fe88e994321f5f2a8a5d63abbf0c95e5bde038089f75d80629914774f14a1a
target: esp32s3
version: 1.0.0
